
Microsoft Visual Studio Solution File, Format Version 12.00
# Visual Studio Version 16
VisualStudioVersion = 16.0.31605.320
MinimumVisualStudioVersion = 10.0.40219.1
Project("{FAE04EC0-301F-11D3-BF4B-00C04F79EFBC}") = "RocketEngineSolver", "RocketEngineSolver.csproj", "{36800378-A912-4FAE-B18D-25BBFC66343D}"
EndProject
Global
	GlobalSection(SolutionConfigurationPlatforms) = preSolution
		Debug|Any CPU = Debug|Any CPU
		Release|Any CPU = Release|Any CPU
	EndGlobalSection
	GlobalSection(ProjectConfigurationPlatforms) = postSolution
		{36800378-A912-4FAE-B18D-25BBFC66343D}.Debug|Any CPU.ActiveCfg = Debug|Any CPU
		{36800378-A912-4FAE-B18D-25BBFC66343D}.Debug|Any CPU.Build.0 = Debug|Any CPU
		{36800378-A912-4FAE-B18D-25BBFC66343D}.Release|Any CPU.ActiveCfg = Release|Any CPU
		{36800378-A912-4FAE-B18D-25BBFC66343D}.Release|Any CPU.Build.0 = Release|Any CPU
	EndGlobalSection
	GlobalSection(SolutionProperties) = preSolution
		HideSolutionNode = FALSE
	EndGlobalSection
	GlobalSection(ExtensibilityGlobals) = postSolution
		SolutionGuid = {DE63EFD7-F852-459D-A38E-883A4D020507}
	EndGlobalSection
EndGlobal
